
Microsoft Visual Studio Solution File, Format Version 12.00
# Visual Studio Version 17
VisualStudioVersion = 17.7.34031.279
MinimumVisualStudioVersion = 10.0.40219.1
Project("{FAE04EC0-301F-11D3-BF4B-00C04F79EFBC}") = "AplicandoPLJaMerxLabiofam_", "AplicandoPLJaMerxLabiofam_\AplicandoPLJaMerxLabiofam_.csproj", "{6B73086B-3F78-4CFB-BA12-D555908A4F9F}"
EndProject
Project("{9A19103F-16F7-4668-BE54-9A1E7A4F7556}") = "Algoritms_", "..\Algoritms\Algoritms_\Algoritms_\Algoritms_.csproj", "{40B2E9E4-AEE2-4D78-A259-4008651829DE}"
EndProject
Global
	GlobalSection(SolutionConfigurationPlatforms) = preSolution
		Debug|Any CPU = Debug|Any CPU
		Release|Any CPU = Release|Any CPU
	EndGlobalSection
	GlobalSection(ProjectConfigurationPlatforms) = postSolution
		{6B73086B-3F78-4CFB-BA12-D555908A4F9F}.Debug|Any CPU.ActiveCfg = Debug|Any CPU
		{6B73086B-3F78-4CFB-BA12-D555908A4F9F}.Debug|Any CPU.Build.0 = Debug|Any CPU
		{6B73086B-3F78-4CFB-BA12-D555908A4F9F}.Release|Any CPU.ActiveCfg = Release|Any CPU
		{6B73086B-3F78-4CFB-BA12-D555908A4F9F}.Release|Any CPU.Build.0 = Release|Any CPU
		{40B2E9E4-AEE2-4D78-A259-4008651829DE}.Debug|Any CPU.ActiveCfg = Debug|Any CPU
		{40B2E9E4-AEE2-4D78-A259-4008651829DE}.Debug|Any CPU.Build.0 = Debug|Any CPU
		{40B2E9E4-AEE2-4D78-A259-4008651829DE}.Release|Any CPU.ActiveCfg = Release|Any CPU
		{40B2E9E4-AEE2-4D78-A259-4008651829DE}.Release|Any CPU.Build.0 = Release|Any CPU
	EndGlobalSection
	GlobalSection(SolutionProperties) = preSolution
		HideSolutionNode = FALSE
	EndGlobalSection
	GlobalSection(ExtensibilityGlobals) = postSolution
		SolutionGuid = {14E54188-9314-4745-BA4F-A31EA90AEAF7}
	EndGlobalSection
EndGlobal
